
Microsoft Visual Studio Solution File, Format Version 12.00
# Visual Studio Version 17
VisualStudioVersion = 17.5.33516.290
MinimumVisualStudioVersion = 10.0.40219.1
Project("{9A19103F-16F7-4668-BE54-9A1E7A4F7556}") = "WootingAnalogSDK.NET", "..\..\analog-wrapper\WootingAnalogSDK.NET\WootingAnalogSDK.NET.csproj", "{C5E33770-CF8C-48FE-8C7B-1B25CDDF2320}"
EndProject
Project("{FAE04EC0-301F-11D3-BF4B-00C04F79EFBC}") = "WootingCursor", "WootingCursor\WootingCursor.csproj", "{77BDBF59-8A67-401A-A992-A112A1A89754}"
EndProject
Global
	GlobalSection(SolutionConfigurationPlatforms) = preSolution
		Debug|Any CPU = Debug|Any CPU
		Release|Any CPU = Release|Any CPU
	EndGlobalSection
	GlobalSection(ProjectConfigurationPlatforms) = postSolution
		{C5E33770-CF8C-48FE-8C7B-1B25CDDF2320}.Debug|Any CPU.ActiveCfg = Debug|Any CPU
		{C5E33770-CF8C-48FE-8C7B-1B25CDDF2320}.Debug|Any CPU.Build.0 = Debug|Any CPU
		{C5E33770-CF8C-48FE-8C7B-1B25CDDF2320}.Release|Any CPU.ActiveCfg = Release|Any CPU
		{C5E33770-CF8C-48FE-8C7B-1B25CDDF2320}.Release|Any CPU.Build.0 = Release|Any CPU
		{77BDBF59-8A67-401A-A992-A112A1A89754}.Debug|Any CPU.ActiveCfg = Debug|Any CPU
		{77BDBF59-8A67-401A-A992-A112A1A89754}.Debug|Any CPU.Build.0 = Debug|Any CPU
		{77BDBF59-8A67-401A-A992-A112A1A89754}.Release|Any CPU.ActiveCfg = Release|Any CPU
		{77BDBF59-8A67-401A-A992-A112A1A89754}.Release|Any CPU.Build.0 = Release|Any CPU
	EndGlobalSection
	GlobalSection(SolutionProperties) = preSolution
		HideSolutionNode = FALSE
	EndGlobalSection
	GlobalSection(ExtensibilityGlobals) = postSolution
		SolutionGuid = {13C9785D-017D-4335-AE8F-DDC6F3F28AC4}
	EndGlobalSection
EndGlobal
